
Microsoft Visual Studio Solution File, Format Version 12.00
Project("{FAE04EC0-301F-11D3-BF4B-00C04F79EFBC}") = "MagicVilla", "MagicVilla\MagicVilla.csproj", "{0ADC5C72-04FE-434A-AF5D-215F14544207}"
EndProject
Global
	GlobalSection(SolutionConfigurationPlatforms) = preSolution
		Debug|Any CPU = Debug|Any CPU
		Release|Any CPU = Release|Any CPU
	EndGlobalSection
	GlobalSection(ProjectConfigurationPlatforms) = postSolution
		{0ADC5C72-04FE-434A-AF5D-215F14544207}.Debug|Any CPU.ActiveCfg = Debug|Any CPU
		{0ADC5C72-04FE-434A-AF5D-215F14544207}.Debug|Any CPU.Build.0 = Debug|Any CPU
		{0ADC5C72-04FE-434A-AF5D-215F14544207}.Release|Any CPU.ActiveCfg = Release|Any CPU
		{0ADC5C72-04FE-434A-AF5D-215F14544207}.Release|Any CPU.Build.0 = Release|Any CPU
	EndGlobalSection
EndGlobal
